{
  "nodes": {
    "base16-schemes": {
      "flake": false,
      "locked": {
        "lastModified": 1696158499,
        "narHash": "sha256-5yIHgDTPjoX/3oDEfLSQ0eJZdFL1SaCfb9d6M0RmOTM=",
        "owner": "tinted-theming",
        "repo": "base16-schemes",
        "rev": "a9112eaae86d9dd8ee6bb9445b664fba2f94037a",
        "type": "github"
      },
      "original": {
        "owner": "tinted-theming",
        "repo": "base16-schemes",
        "type": "github"
      }
    },
    "flake-parts": {
      "inputs": {
        "nixpkgs-lib": "nixpkgs-lib_2"
      },
      "locked": {
        "lastModified": 1759362264,
        "narHash": "sha256-wfG0S7pltlYyZTM+qqlhJ7GMw2fTF4mLKCIVhLii/4M=",
        "owner": "hercules-ci",
        "repo": "flake-parts",
        "rev": "758cf7296bee11f1706a574c77d072b8a7baa881",
        "type": "github"
      },
      "original": {
        "owner": "hercules-ci",
        "repo": "flake-parts",
        "type": "github"
      }
    },
    "flake-parts_2": {
      "inputs": {
        "nixpkgs-lib": [
          "nixvim-flake",
          "nixvim",
          "nixpkgs"
        ]
      },
      "locked": {
        "lastModified": 1756770412,
        "narHash": "sha256-+uWLQZccFHwqpGqr2Yt5VsW/PbeJVTn9Dk6SHWhNRPw=",
        "owner": "hercules-ci",
        "repo": "flake-parts",
        "rev": "4524271976b625a4a605beefd893f270620fd751",
        "type": "github"
      },
      "original": {
        "owner": "hercules-ci",
        "repo": "flake-parts",
        "type": "github"
      }
    },
    "flake-utils": {
      "inputs": {
        "systems": "systems"
      },
      "locked": {
        "lastModified": 1731533236,
        "narHash": "sha256-l0KFg5HjrsfsO/JpG+r7fRrqm12kzFHyUHqHCVpMMbI=",
        "owner": "numtide",
        "repo": "flake-utils",
        "rev": "11707dc2f618dd54ca8739b309ec4fc024de578b",
        "type": "github"
      },
      "original": {
        "owner": "numtide",
        "repo": "flake-utils",
        "type": "github"
      }
    },
    "flake-utils_2": {
      "inputs": {
        "systems": "systems_3"
      },
      "locked": {
        "lastModified": 1710146030,
        "narHash": "sha256-SZ5L6eA7HJ/nmkzGG7/ISclqe6oZdOZTNoesiInkXPQ=",
        "owner": "numtide",
        "repo": "flake-utils",
        "rev": "b1d9ab70662946ef0850d488da1c9019f3a9752a",
        "type": "github"
      },
      "original": {
        "owner": "numtide",
        "repo": "flake-utils",
        "type": "github"
      }
    },
    "grub2-themes": {
      "inputs": {
        "nixpkgs": [
          "nixpkgs"
        ]
      },
      "locked": {
        "lastModified": 1757136219,
        "narHash": "sha256-tKU+vq34KHu/A2wD7WdgP5A4/RCmSD8hB0TyQAUlixA=",
        "owner": "vinceliuice",
        "repo": "grub2-themes",
        "rev": "80dd04ddf3ba7b284a7b1a5df2b1e95ee2aad606",
        "type": "github"
      },
      "original": {
        "owner": "vinceliuice",
        "repo": "grub2-themes",
        "type": "github"
      }
    },
    "home-manager": {
      "inputs": {
        "nixpkgs": [
          "nixpkgs"
        ]
      },
      "locked": {
        "lastModified": 1759550472,
        "narHash": "sha256-JLM3D6RbnGmXR8x+3WNac9neklAxA1JtZHZscwukFYw=",
        "owner": "nix-community",
        "repo": "home-manager",
        "rev": "817ace497b72b38da0c08728a683b7febaccf9cf",
        "type": "github"
      },
      "original": {
        "owner": "nix-community",
        "repo": "home-manager",
        "type": "github"
      }
    },
    "ixx": {
      "inputs": {
        "flake-utils": [
          "nixvim-flake",
          "nixvim",
          "nuschtosSearch",
          "flake-utils"
        ],
        "nixpkgs": [
          "nixvim-flake",
          "nixvim",
          "nuschtosSearch",
          "nixpkgs"
        ]
      },
      "locked": {
        "lastModified": 1754860581,
        "narHash": "sha256-EM0IE63OHxXCOpDHXaTyHIOk2cNvMCGPqLt/IdtVxgk=",
        "owner": "NuschtOS",
        "repo": "ixx",
        "rev": "babfe85a876162c4acc9ab6fb4483df88fa1f281",
        "type": "github"
      },
      "original": {
        "owner": "NuschtOS",
        "ref": "v0.1.1",
        "repo": "ixx",
        "type": "github"
      }
    },
    "nix-colors": {
      "inputs": {
        "base16-schemes": "base16-schemes",
        "nixpkgs-lib": "nixpkgs-lib"
      },
      "locked": {
        "lastModified": 1707825078,
        "narHash": "sha256-hTfge2J2W+42SZ7VHXkf4kjU+qzFqPeC9k66jAUBMHk=",
        "owner": "Misterio77",
        "repo": "nix-colors",
        "rev": "b01f024090d2c4fc3152cd0cf12027a7b8453ba1",
        "type": "github"
      },
      "original": {
        "owner": "Misterio77",
        "repo": "nix-colors",
        "type": "github"
      }
    },
    "nixpkgs": {
      "locked": {
        "lastModified": 1759381078,
        "narHash": "sha256-gTrEEp5gEspIcCOx9PD8kMaF1iEmfBcTbO0Jag2QhQs=",
        "owner": "NixOS",
        "repo": "nixpkgs",
        "rev": "7df7ff7d8e00218376575f0acdcc5d66741351ee",
        "type": "github"
      },
      "original": {
        "owner": "NixOS",
        "ref": "nixos-unstable",
        "repo": "nixpkgs",
        "type": "github"
      }
    },
    "nixpkgs-lib": {
      "locked": {
        "lastModified": 1697935651,
        "narHash": "sha256-qOfWjQ2JQSQL15KLh6D7xQhx0qgZlYZTYlcEiRuAMMw=",
        "owner": "nix-community",
        "repo": "nixpkgs.lib",
        "rev": "e1e11fdbb01113d85c7f41cada9d2847660e3902",
        "type": "github"
      },
      "original": {
        "owner": "nix-community",
        "repo": "nixpkgs.lib",
        "type": "github"
      }
    },
    "nixpkgs-lib_2": {
      "locked": {
        "lastModified": 1754788789,
        "narHash": "sha256-x2rJ+Ovzq0sCMpgfgGaaqgBSwY+LST+WbZ6TytnT9Rk=",
        "owner": "nix-community",
        "repo": "nixpkgs.lib",
        "rev": "a73b9c743612e4244d865a2fdee11865283c04e6",
        "type": "github"
      },
      "original": {
        "owner": "nix-community",
        "repo": "nixpkgs.lib",
        "type": "github"
      }
    },
    "nixpkgs_2": {
      "locked": {
        "lastModified": 1759070547,
        "narHash": "sha256-JVZl8NaVRYb0+381nl7LvPE+A774/dRpif01FKLrYFQ=",
        "owner": "NixOS",
        "repo": "nixpkgs",
        "rev": "647e5c14cbd5067f44ac86b74f014962df460840",
        "type": "github"
      },
      "original": {
        "owner": "NixOS",
        "ref": "nixpkgs-unstable",
        "repo": "nixpkgs",
        "type": "github"
      }
    },
    "nixvim": {
      "inputs": {
        "flake-parts": "flake-parts_2",
        "nixpkgs": "nixpkgs_2",
        "nuschtosSearch": "nuschtosSearch",
        "systems": "systems_2"
      },
      "locked": {
        "lastModified": 1759363470,
        "narHash": "sha256-qazFCflj7aEqI9YRB+qxKeHHrLMRZnKQB0m/AKn9IKg=",
        "owner": "nix-community",
        "repo": "nixvim",
        "rev": "5c4a10093d5367af740c04f2bbe3bab7310d9ad0",
        "type": "github"
      },
      "original": {
        "owner": "nix-community",
        "repo": "nixvim",
        "type": "github"
      }
    },
    "nixvim-flake": {
      "inputs": {
        "flake-parts": "flake-parts",
        "nixpkgs": [
          "nixpkgs"
        ],
        "nixvim": "nixvim"
      },
      "locked": {
        "lastModified": 1759566010,
        "narHash": "sha256-I/FDuSOZqR+cx+BioODRvKzslM90KXNgLViMTRJvE4Q=",
        "owner": "gccdha",
        "repo": "nixvim",
        "rev": "727cebadee86cebb29b453f6ab51dade971cd7dc",
        "type": "github"
      },
      "original": {
        "owner": "gccdha",
        "repo": "nixvim",
        "type": "github"
      }
    },
    "nuschtosSearch": {
      "inputs": {
        "flake-utils": "flake-utils",
        "ixx": "ixx",
        "nixpkgs": [
          "nixvim-flake",
          "nixvim",
          "nixpkgs"
        ]
      },
      "locked": {
        "lastModified": 1758662783,
        "narHash": "sha256-igrxT+/MnmcftPOHEb+XDwAMq3Xg1Xy7kVYQaHhPlAg=",
        "owner": "NuschtOS",
        "repo": "search",
        "rev": "7d4c0fc4ffe3bd64e5630417162e9e04e64b27a4",
        "type": "github"
      },
      "original": {
        "owner": "NuschtOS",
        "repo": "search",
        "type": "github"
      }
    },
    "plover": {
      "flake": false,
      "locked": {
        "lastModified": 1711643817,
        "narHash": "sha256-yNcqk7cgC3NKciguUYf4K/Qy/DPm463uXMuFYQnSPDM=",
        "owner": "openstenoproject",
        "repo": "plover",
        "rev": "9b5a357f1fb57cb0a9a8596ae12cd1e84fcff6c4",
        "type": "github"
      },
      "original": {
        "owner": "openstenoproject",
        "repo": "plover",
        "type": "github"
      }
    },
    "plover-flake": {
      "inputs": {
        "flake-utils": "flake-utils_2",
        "nixpkgs": [
          "nixpkgs"
        ],
        "plover": "plover",
        "plover-machine-hid": "plover-machine-hid",
        "plover-output-dotool": "plover-output-dotool",
        "plover-stroke": "plover-stroke",
        "plover2cat": "plover2cat",
        "plover_plugins_registry": "plover_plugins_registry",
        "rtf-tokenize": "rtf-tokenize"
      },
      "locked": {
        "lastModified": 1723766058,
        "narHash": "sha256-Ec1raWoFlbfhaLj12vIUct84FEgKK3ZvMTRtY1KrbFY=",
        "owner": "gccdha",
        "repo": "plover-flake",
        "rev": "409e0347303477b4f003113f938d9943283bcd82",
        "type": "github"
      },
      "original": {
        "owner": "gccdha",
        "repo": "plover-flake",
        "type": "github"
      }
    },
    "plover-machine-hid": {
      "flake": false,
      "locked": {
        "lastModified": 1707772199,
        "narHash": "sha256-o5CUQ7tX9ChTUr32hh4ptS37YFyUDwS54j9wRp8kxuc=",
        "owner": "dnaq",
        "repo": "plover-machine-hid",
        "rev": "45e90785ac7afd1b8714a308599aa3b6b6db3677",
        "type": "github"
      },
      "original": {
        "owner": "dnaq",
        "repo": "plover-machine-hid",
        "type": "github"
      }
    },
    "plover-output-dotool": {
      "flake": false,
      "locked": {
        "lastModified": 1710166366,
        "narHash": "sha256-Fl4/MmXS3NZqgR1E/vl8iJizSeRyhDLH4bhLy92upqY=",
        "owner": "halbGefressen",
        "repo": "plover-output-dotool",
        "rev": "25e7df1a116672163256ccef85cfd91f7e76b9cf",
        "type": "github"
      },
      "original": {
        "owner": "halbGefressen",
        "repo": "plover-output-dotool",
        "type": "github"
      }
    },
    "plover-stroke": {
      "flake": false,
      "locked": {
        "lastModified": 1652559629,
        "narHash": "sha256-A75OMzmEn0VmDAvmQCp6/7uptxzwWJTwsih3kWlYioA=",
        "owner": "openstenoproject",
        "repo": "plover_stroke",
        "rev": "e717a1983b58dcba644153a542dbf8514425a39b",
        "type": "github"
      },
      "original": {
        "owner": "openstenoproject",
        "repo": "plover_stroke",
        "type": "github"
      }
    },
    "plover2cat": {
      "flake": false,
      "locked": {
        "lastModified": 1721079194,
        "narHash": "sha256-CZpNDJtJ7rTWdHVVxItSJmmAYOkse9LpkJR60CxDMp8=",
        "owner": "greenwyrt",
        "repo": "plover2CAT",
        "rev": "217f6adffdb71c712dd639ce5dcb9fdf277fca73",
        "type": "github"
      },
      "original": {
        "owner": "greenwyrt",
        "repo": "plover2CAT",
        "type": "github"
      }
    },
    "plover_plugins_registry": {
      "flake": false,
      "locked": {
        "lastModified": 1721506796,
        "narHash": "sha256-XMCUXl1koOt/PRB4xyEBOc5ycp00PSI4kjk40dGJsik=",
        "owner": "openstenoproject",
        "repo": "plover_plugins_registry",
        "rev": "9cee587b4a5ab9f7fc10f612bc142b1a90b9cb01",
        "type": "github"
      },
      "original": {
        "owner": "openstenoproject",
        "repo": "plover_plugins_registry",
        "type": "github"
      }
    },
    "root": {
      "inputs": {
        "grub2-themes": "grub2-themes",
        "home-manager": "home-manager",
        "nix-colors": "nix-colors",
        "nixpkgs": "nixpkgs",
        "nixvim-flake": "nixvim-flake",
        "plover-flake": "plover-flake",
        "sddm-astro": "sddm-astro"
      }
    },
    "rtf-tokenize": {
      "flake": false,
      "locked": {
        "lastModified": 1633915168,
        "narHash": "sha256-zwD2sRYTY1Kmm/Ag2hps9VRdUyQoi4zKtDPR+F52t9A=",
        "owner": "openstenoproject",
        "repo": "rtf_tokenize",
        "rev": "509b009b97077d5abcebe53d46ca6b67c3438a2c",
        "type": "github"
      },
      "original": {
        "owner": "openstenoproject",
        "repo": "rtf_tokenize",
        "type": "github"
      }
    },
    "sddm-astro": {
      "inputs": {
        "nixpkgs": [
          "nixpkgs"
        ]
      },
      "locked": {
        "lastModified": 1736146433,
        "narHash": "sha256-XntzFuAOPZZKGl7//wP2oRApMhO8DoFmOldOPr6zvPk=",
        "owner": "gccdha",
        "repo": "sddm-astronaut-theme",
        "rev": "b5aa1aa1a95e3b4f3a6b9c6b553242ff8225f5ea",
        "type": "github"
      },
      "original": {
        "owner": "gccdha",
        "repo": "sddm-astronaut-theme",
        "type": "github"
      }
    },
    "systems": {
      "locked": {
        "lastModified": 1681028828,
        "narHash": "sha256-Vy1rq5AaRuLzOxct8nz4T6wlgyUR7zLU309k9mBC768=",
        "owner": "nix-systems",
        "repo": "default",
        "rev": "da67096a3b9bf56a91d16901293e51ba5b49a27e",
        "type": "github"
      },
      "original": {
        "owner": "nix-systems",
        "repo": "default",
        "type": "github"
      }
    },
    "systems_2": {
      "locked": {
        "lastModified": 1681028828,
        "narHash": "sha256-Vy1rq5AaRuLzOxct8nz4T6wlgyUR7zLU309k9mBC768=",
        "owner": "nix-systems",
        "repo": "default",
        "rev": "da67096a3b9bf56a91d16901293e51ba5b49a27e",
        "type": "github"
      },
      "original": {
        "owner": "nix-systems",
        "repo": "default",
        "type": "github"
      }
    },
    "systems_3": {
      "locked": {
        "lastModified": 1681028828,
        "narHash": "sha256-Vy1rq5AaRuLzOxct8nz4T6wlgyUR7zLU309k9mBC768=",
        "owner": "nix-systems",
        "repo": "default",
        "rev": "da67096a3b9bf56a91d16901293e51ba5b49a27e",
        "type": "github"
      },
      "original": {
        "owner": "nix-systems",
        "repo": "default",
        "type": "github"
      }
    }
  },
  "root": "root",
  "version": 7
}
